
Microsoft Visual Studio Solution File, Format Version 12.00
# Visual Studio Version 17
VisualStudioVersion = 17.11.35431.28
MinimumVisualStudioVersion = 10.0.40219.1
Project("{FAE04EC0-301F-11D3-BF4B-00C04F79EFBC}") = "students1", "students1\students1.csproj", "{A1C2AA59-8D49-4BDC-8702-74C61AE92035}"
EndProject
Global
	GlobalSection(SolutionConfigurationPlatforms) = preSolution
		Debug|Any CPU = Debug|Any CPU
		Release|Any CPU = Release|Any CPU
	EndGlobalSection
	GlobalSection(ProjectConfigurationPlatforms) = postSolution
		{A1C2AA59-8D49-4BDC-8702-74C61AE92035}.Debug|Any CPU.ActiveCfg = Debug|Any CPU
		{A1C2AA59-8D49-4BDC-8702-74C61AE92035}.Debug|Any CPU.Build.0 = Debug|Any CPU
		{A1C2AA59-8D49-4BDC-8702-74C61AE92035}.Release|Any CPU.ActiveCfg = Release|Any CPU
		{A1C2AA59-8D49-4BDC-8702-74C61AE92035}.Release|Any CPU.Build.0 = Release|Any CPU
	EndGlobalSection
	GlobalSection(SolutionProperties) = preSolution
		HideSolutionNode = FALSE
	EndGlobalSection
	GlobalSection(ExtensibilityGlobals) = postSolution
		SolutionGuid = {12C289A3-4090-4868-9621-CFF8E3914AAD}
	EndGlobalSection
EndGlobal
